
Microsoft Visual Studio Solution File, Format Version 12.00
# Visual Studio Version 16
VisualStudioVersion = 16.0.29001.49
MinimumVisualStudioVersion = 10.0.40219.1
Project("{FAE04EC0-301F-11D3-BF4B-00C04F79EFBC}") = "ClassesAndObjects", "ClassesAndObjects.csproj", "{8478FCEE-2B68-4711-8A04-E32467A30CED}"
EndProject
Global
	GlobalSection(SolutionConfigurationPlatforms) = preSolution
		Debug|Any CPU = Debug|Any CPU
		Release|Any CPU = Release|Any CPU
	EndGlobalSection
	GlobalSection(ProjectConfigurationPlatforms) = postSolution
		{8478FCEE-2B68-4711-8A04-E32467A30CED}.Debug|Any CPU.ActiveCfg = Debug|Any CPU
		{8478FCEE-2B68-4711-8A04-E32467A30CED}.Debug|Any CPU.Build.0 = Debug|Any CPU
		{8478FCEE-2B68-4711-8A04-E32467A30CED}.Release|Any CPU.ActiveCfg = Release|Any CPU
		{8478FCEE-2B68-4711-8A04-E32467A30CED}.Release|Any CPU.Build.0 = Release|Any CPU
	EndGlobalSection
	GlobalSection(SolutionProperties) = preSolution
		HideSolutionNode = FALSE
	EndGlobalSection
	GlobalSection(ExtensibilityGlobals) = postSolution
		SolutionGuid = {FC1953DB-9022-4102-92F8-642C27B174BA}
	EndGlobalSection
EndGlobal
